
Microsoft Visual Studio Solution File, Format Version 12.00
# Visual Studio Version 16
VisualStudioVersion = 16.0.29519.181
MinimumVisualStudioVersion = 10.0.40219.1
Project("{FAE04EC0-301F-11D3-BF4B-00C04F79EFBC}") = "RazorPagesSample", "RazorPagesSample\RazorPagesSample.csproj", "{9954509A-932A-456B-9392-FDCD7EB48872}"
EndProject
Global
	GlobalSection(SolutionConfigurationPlatforms) = preSolution
		Debug|Any CPU = Debug|Any CPU
		Release|Any CPU = Release|Any CPU
	EndGlobalSection
	GlobalSection(ProjectConfigurationPlatforms) = postSolution
		{9954509A-932A-456B-9392-FDCD7EB48872}.Debug|Any CPU.ActiveCfg = Debug|Any CPU
		{9954509A-932A-456B-9392-FDCD7EB48872}.Debug|Any CPU.Build.0 = Debug|Any CPU
		{9954509A-932A-456B-9392-FDCD7EB48872}.Release|Any CPU.ActiveCfg = Release|Any CPU
		{9954509A-932A-456B-9392-FDCD7EB48872}.Release|Any CPU.Build.0 = Release|Any CPU
	EndGlobalSection
	GlobalSection(SolutionProperties) = preSolution
		HideSolutionNode = FALSE
	EndGlobalSection
	GlobalSection(ExtensibilityGlobals) = postSolution
		SolutionGuid = {6AC9A013-5F86-4DB5-8634-2707268F1976}
	EndGlobalSection
EndGlobal
